
Microsoft Visual Studio Solution File, Format Version 12.00
# Visual Studio Version 16
VisualStudioVersion = 16.0.31205.134
MinimumVisualStudioVersion = 10.0.40219.1
Project("{FAE04EC0-301F-11D3-BF4B-00C04F79EFBC}") = "BMI", "BMI\BMI.csproj", "{AC573DB4-2736-4AB6-B2FD-A2AF254D463D}"
EndProject
Global
	GlobalSection(SolutionConfigurationPlatforms) = preSolution
		Debug|Any CPU = Debug|Any CPU
		Release|Any CPU = Release|Any CPU
	EndGlobalSection
	GlobalSection(ProjectConfigurationPlatforms) = postSolution
		{AC573DB4-2736-4AB6-B2FD-A2AF254D463D}.Debug|Any CPU.ActiveCfg = Debug|Any CPU
		{AC573DB4-2736-4AB6-B2FD-A2AF254D463D}.Debug|Any CPU.Build.0 = Debug|Any CPU
		{AC573DB4-2736-4AB6-B2FD-A2AF254D463D}.Release|Any CPU.ActiveCfg = Release|Any CPU
		{AC573DB4-2736-4AB6-B2FD-A2AF254D463D}.Release|Any CPU.Build.0 = Release|Any CPU
	EndGlobalSection
	GlobalSection(SolutionProperties) = preSolution
		HideSolutionNode = FALSE
	EndGlobalSection
	GlobalSection(ExtensibilityGlobals) = postSolution
		SolutionGuid = {D6B04D31-34B5-44DF-BC07-33EA5F7424BB}
	EndGlobalSection
EndGlobal
